
Microsoft Visual Studio Solution File, Format Version 12.00
# Visual Studio Version 17
VisualStudioVersion = 17.4.33205.214
MinimumVisualStudioVersion = 10.0.40219.1
Project("{FAE04EC0-301F-11D3-BF4B-00C04F79EFBC}") = "SnakeAndLadder1", "SnakeAndLadder1\SnakeAndLadder1.csproj", "{F9818F92-0C3B-4295-93C2-E9125C95CB07}"
EndProject
Global
	GlobalSection(SolutionConfigurationPlatforms) = preSolution
		Debug|Any CPU = Debug|Any CPU
		Release|Any CPU = Release|Any CPU
	EndGlobalSection
	GlobalSection(ProjectConfigurationPlatforms) = postSolution
		{F9818F92-0C3B-4295-93C2-E9125C95CB07}.Debug|Any CPU.ActiveCfg = Debug|Any CPU
		{F9818F92-0C3B-4295-93C2-E9125C95CB07}.Debug|Any CPU.Build.0 = Debug|Any CPU
		{F9818F92-0C3B-4295-93C2-E9125C95CB07}.Release|Any CPU.ActiveCfg = Release|Any CPU
		{F9818F92-0C3B-4295-93C2-E9125C95CB07}.Release|Any CPU.Build.0 = Release|Any CPU
	EndGlobalSection
	GlobalSection(SolutionProperties) = preSolution
		HideSolutionNode = FALSE
	EndGlobalSection
	GlobalSection(ExtensibilityGlobals) = postSolution
		SolutionGuid = {2D87B77A-8549-46A6-997D-4E87D8341A0A}
	EndGlobalSection
EndGlobal
